
Microsoft Visual Studio Solution File, Format Version 12.00
# Visual Studio Version 17
VisualStudioVersion = 17.7.34024.191
MinimumVisualStudioVersion = 10.0.40219.1
Project("{9A19103F-16F7-4668-BE54-9A1E7A4F7556}") = "Nawhn.FAP.StudentManagementV1", "Nawhn.FAP.StudentManagement\Nawhn.FAP.StudentManagementV1.csproj", "{AE62D3B5-F36C-4219-8B90-15C11BD04E2D}"
EndProject
Project("{9A19103F-16F7-4668-BE54-9A1E7A4F7556}") = "Nawhn.FAP.StudentManagerV2", "Nawhn.FAP.StudentManagerV2\Nawhn.FAP.StudentManagerV2.csproj", "{7371966B-AED3-46F4-A605-163AD39D014C}"
EndProject
Project("{9A19103F-16F7-4668-BE54-9A1E7A4F7556}") = "Nawhn.FAP.StudentManagerV4", "Nawhn.FAP.StudentManagerV4\Nawhn.FAP.StudentManagerV4.csproj", "{4C935727-D58F-4CE6-A922-DF3AD23DAD7E}"
EndProject
Project("{9A19103F-16F7-4668-BE54-9A1E7A4F7556}") = "Nawhn.FAP.StudentManagerV5", "Nawhn.FAP.StudentManagerV5\Nawhn.FAP.StudentManagerV5.csproj", "{D3770DC0-CF66-406E-846E-062079E2D9CA}"
EndProject
Project("{9A19103F-16F7-4668-BE54-9A1E7A4F7556}") = "Nawhn.FAP.StudentManagerV6", "Nawhn.FAP.StudentManagerV6\Nawhn.FAP.StudentManagerV6.csproj", "{C6C85E28-05F2-423A-8CB6-901C6515341C}"
EndProject
Project("{9A19103F-16F7-4668-BE54-9A1E7A4F7556}") = "Nawhn.FAP.StudentManagerV8", "Nawhn.FAP.StudentManagerV8\Nawhn.FAP.StudentManagerV8.csproj", "{A7C68993-A788-4444-B7D6-C0DEAB7A3268}"
EndProject
Project("{9A19103F-16F7-4668-BE54-9A1E7A4F7556}") = "Nawhn.FAP.StudentManagerV7", "Nawhn.FAP.StudentManagerV7\Nawhn.FAP.StudentManagerV7.csproj", "{79B9AA46-0AF0-4EB5-966A-A0FCA520F0E0}"
EndProject
Project("{9A19103F-16F7-4668-BE54-9A1E7A4F7556}") = "Nawhn.FAP.StudentManagerV3", "Nawhn.FAP.StudentManagerV3\Nawhn.FAP.StudentManagerV3.csproj", "{F8E2A380-0B37-436F-AAFA-A4D4028E9CBC}"
EndProject
Project("{9A19103F-16F7-4668-BE54-9A1E7A4F7556}") = "Nawhn.FAP.StudentManagerV9", "Nawhn.FAP.StudentManagerV9\Nawhn.FAP.StudentManagerV9.csproj", "{ED744B8A-CBE0-471D-8A76-6354555D27EC}"
EndProject
Project("{FAE04EC0-301F-11D3-BF4B-00C04F79EFBC}") = "Nawhn.FAP.StudentManagerV10", "Nawhn.FAP.StudentManagerV10\Nawhn.FAP.StudentManagerV10.csproj", "{70A97957-30F8-4CA6-9363-9F00AF3D6BBC}"
EndProject
Global
	GlobalSection(SolutionConfigurationPlatforms) = preSolution
		Debug|Any CPU = Debug|Any CPU
		Release|Any CPU = Release|Any CPU
	EndGlobalSection
	GlobalSection(ProjectConfigurationPlatforms) = postSolution
		{AE62D3B5-F36C-4219-8B90-15C11BD04E2D}.Debug|Any CPU.ActiveCfg = Debug|Any CPU
		{AE62D3B5-F36C-4219-8B90-15C11BD04E2D}.Debug|Any CPU.Build.0 = Debug|Any CPU
		{AE62D3B5-F36C-4219-8B90-15C11BD04E2D}.Release|Any CPU.ActiveCfg = Release|Any CPU
		{AE62D3B5-F36C-4219-8B90-15C11BD04E2D}.Release|Any CPU.Build.0 = Release|Any CPU
		{7371966B-AED3-46F4-A605-163AD39D014C}.Debug|Any CPU.ActiveCfg = Debug|Any CPU
		{7371966B-AED3-46F4-A605-163AD39D014C}.Debug|Any CPU.Build.0 = Debug|Any CPU
		{7371966B-AED3-46F4-A605-163AD39D014C}.Release|Any CPU.ActiveCfg = Release|Any CPU
		{7371966B-AED3-46F4-A605-163AD39D014C}.Release|Any CPU.Build.0 = Release|Any CPU
		{4C935727-D58F-4CE6-A922-DF3AD23DAD7E}.Debug|Any CPU.ActiveCfg = Debug|Any CPU
		{4C935727-D58F-4CE6-A922-DF3AD23DAD7E}.Debug|Any CPU.Build.0 = Debug|Any CPU
		{4C935727-D58F-4CE6-A922-DF3AD23DAD7E}.Release|Any CPU.ActiveCfg = Release|Any CPU
		{4C935727-D58F-4CE6-A922-DF3AD23DAD7E}.Release|Any CPU.Build.0 = Release|Any CPU
		{D3770DC0-CF66-406E-846E-062079E2D9CA}.Debug|Any CPU.ActiveCfg = Debug|Any CPU
		{D3770DC0-CF66-406E-846E-062079E2D9CA}.Debug|Any CPU.Build.0 = Debug|Any CPU
		{D3770DC0-CF66-406E-846E-062079E2D9CA}.Release|Any CPU.ActiveCfg = Release|Any CPU
		{D3770DC0-CF66-406E-846E-062079E2D9CA}.Release|Any CPU.Build.0 = Release|Any CPU
		{C6C85E28-05F2-423A-8CB6-901C6515341C}.Debug|Any CPU.ActiveCfg = Debug|Any CPU
		{C6C85E28-05F2-423A-8CB6-901C6515341C}.Debug|Any CPU.Build.0 = Debug|Any CPU
		{C6C85E28-05F2-423A-8CB6-901C6515341C}.Release|Any CPU.ActiveCfg = Release|Any CPU
		{C6C85E28-05F2-423A-8CB6-901C6515341C}.Release|Any CPU.Build.0 = Release|Any CPU
		{A7C68993-A788-4444-B7D6-C0DEAB7A3268}.Debug|Any CPU.ActiveCfg = Debug|Any CPU
		{A7C68993-A788-4444-B7D6-C0DEAB7A3268}.Debug|Any CPU.Build.0 = Debug|Any CPU
		{A7C68993-A788-4444-B7D6-C0DEAB7A3268}.Release|Any CPU.ActiveCfg = Release|Any CPU
		{A7C68993-A788-4444-B7D6-C0DEAB7A3268}.Release|Any CPU.Build.0 = Release|Any CPU
		{79B9AA46-0AF0-4EB5-966A-A0FCA520F0E0}.Debug|Any CPU.ActiveCfg = Debug|Any CPU
		{79B9AA46-0AF0-4EB5-966A-A0FCA520F0E0}.Debug|Any CPU.Build.0 = Debug|Any CPU
		{79B9AA46-0AF0-4EB5-966A-A0FCA520F0E0}.Release|Any CPU.ActiveCfg = Release|Any CPU
		{79B9AA46-0AF0-4EB5-966A-A0FCA520F0E0}.Release|Any CPU.Build.0 = Release|Any CPU
		{F8E2A380-0B37-436F-AAFA-A4D4028E9CBC}.Debug|Any CPU.ActiveCfg = Debug|Any CPU
		{F8E2A380-0B37-436F-AAFA-A4D4028E9CBC}.Debug|Any CPU.Build.0 = Debug|Any CPU
		{F8E2A380-0B37-436F-AAFA-A4D4028E9CBC}.Release|Any CPU.ActiveCfg = Release|Any CPU
		{F8E2A380-0B37-436F-AAFA-A4D4028E9CBC}.Release|Any CPU.Build.0 = Release|Any CPU
		{ED744B8A-CBE0-471D-8A76-6354555D27EC}.Debug|Any CPU.ActiveCfg = Debug|Any CPU
		{ED744B8A-CBE0-471D-8A76-6354555D27EC}.Debug|Any CPU.Build.0 = Debug|Any CPU
		{ED744B8A-CBE0-471D-8A76-6354555D27EC}.Release|Any CPU.ActiveCfg = Release|Any CPU
		{ED744B8A-CBE0-471D-8A76-6354555D27EC}.Release|Any CPU.Build.0 = Release|Any CPU
		{70A97957-30F8-4CA6-9363-9F00AF3D6BBC}.Debug|Any CPU.ActiveCfg = Debug|Any CPU
		{70A97957-30F8-4CA6-9363-9F00AF3D6BBC}.Debug|Any CPU.Build.0 = Debug|Any CPU
		{70A97957-30F8-4CA6-9363-9F00AF3D6BBC}.Release|Any CPU.ActiveCfg = Release|Any CPU
		{70A97957-30F8-4CA6-9363-9F00AF3D6BBC}.Release|Any CPU.Build.0 = Release|Any CPU
	EndGlobalSection
	GlobalSection(SolutionProperties) = preSolution
		HideSolutionNode = FALSE
	EndGlobalSection
	GlobalSection(ExtensibilityGlobals) = postSolution
		SolutionGuid = {8B442A3E-462C-4C4B-99B4-843FE64F466B}
	EndGlobalSection
EndGlobal
