
Microsoft Visual Studio Solution File, Format Version 12.00
# Visual Studio Version 17
VisualStudioVersion = 17.7.34024.191
MinimumVisualStudioVersion = 10.0.40219.1
Project("{9A19103F-16F7-4668-BE54-9A1E7A4F7556}") = "Nawhn.Intro.HelloWorld", "Nawhn.Intro.HelloWorld\Nawhn.Intro.HelloWorld.csproj", "{4667C67F-8263-445C-B912-80DDB3098703}"
EndProject
Project("{FAE04EC0-301F-11D3-BF4B-00C04F79EFBC}") = "Nawhn.Intro.DataType", "Nawhn.Intro.DataType\Nawhn.Intro.DataType.csproj", "{042C72B5-9A77-4DB0-B759-A4A4DB51CE5C}"
EndProject
Global
	GlobalSection(SolutionConfigurationPlatforms) = preSolution
		Debug|Any CPU = Debug|Any CPU
		Release|Any CPU = Release|Any CPU
	EndGlobalSection
	GlobalSection(ProjectConfigurationPlatforms) = postSolution
		{4667C67F-8263-445C-B912-80DDB3098703}.Debug|Any CPU.ActiveCfg = Debug|Any CPU
		{4667C67F-8263-445C-B912-80DDB3098703}.Debug|Any CPU.Build.0 = Debug|Any CPU
		{4667C67F-8263-445C-B912-80DDB3098703}.Release|Any CPU.ActiveCfg = Release|Any CPU
		{4667C67F-8263-445C-B912-80DDB3098703}.Release|Any CPU.Build.0 = Release|Any CPU
		{042C72B5-9A77-4DB0-B759-A4A4DB51CE5C}.Debug|Any CPU.ActiveCfg = Debug|Any CPU
		{042C72B5-9A77-4DB0-B759-A4A4DB51CE5C}.Debug|Any CPU.Build.0 = Debug|Any CPU
		{042C72B5-9A77-4DB0-B759-A4A4DB51CE5C}.Release|Any CPU.ActiveCfg = Release|Any CPU
		{042C72B5-9A77-4DB0-B759-A4A4DB51CE5C}.Release|Any CPU.Build.0 = Release|Any CPU
	EndGlobalSection
	GlobalSection(SolutionProperties) = preSolution
		HideSolutionNode = FALSE
	EndGlobalSection
	GlobalSection(ExtensibilityGlobals) = postSolution
		SolutionGuid = {AAEAD9BC-7A86-404E-AC19-3D068A4788D9}
	EndGlobalSection
EndGlobal
